// !$*UTF8*$!
{
	archiveVersion = 1;
	classes = {
	};
	objectVersion = 50;
	objects = {

/* Begin PBXBuildFile section */
		3D19EA7A2332D2E300D142A1 /* AppDelegate.swift in Sources */ = {isa = PBXBuildFile; fileRef = 3D19EA792332D2E300D142A1 /* AppDelegate.swift */; };
		3D19EA7C2332D2E300D142A1 /* ViewController.swift in Sources */ = {isa = PBXBuildFile; fileRef = 3D19EA7B2332D2E300D142A1 /* ViewController.swift */; };
		3D19EA7F2332D2E300D142A1 /* Main.storyboard in Resources */ = {isa = PBXBuildFile; fileRef = 3D19EA7D2332D2E300D142A1 /* Main.storyboard */; };
		3D19EA812332D2E500D142A1 /* Assets.xcassets in Resources */ = {isa = PBXBuildFile; fileRef = 3D19EA802332D2E500D142A1 /* Assets.xcassets */; };
		3D19EA842332D2E500D142A1 /* LaunchScreen.storyboard in Resources */ = {isa = PBXBuildFile; fileRef = 3D19EA822332D2E500D142A1 /* LaunchScreen.storyboard */; };
		3D19EA8F2332D2E500D142A1 /* PeliculasTests.swift in Sources */ = {isa = PBXBuildFile; fileRef = 3D19EA8E2332D2E500D142A1 /* PeliculasTests.swift */; };
		3D19EA9A2332D2E500D142A1 /* PeliculasUITests.swift in Sources */ = {isa = PBXBuildFile; fileRef = 3D19EA992332D2E500D142A1 /* PeliculasUITests.swift */; };
		3D19EAAD2332D48900D142A1 /* Pelicula.swift in Sources */ = {isa = PBXBuildFile; fileRef = 3D19EAAC2332D48900D142A1 /* Pelicula.swift */; };
		3D19EAAF2332D7D600D142A1 /* CeldaPeliculaController.swift in Sources */ = {isa = PBXBuildFile; fileRef = 3D19EAAE2332D7D600D142A1 /* CeldaPeliculaController.swift */; };
/* End PBXBuildFile section */

/* Begin PBXContainerItemProxy section */
		3D19EA8B2332D2E500D142A1 /* PBXContainerItemProxy */ = {
			isa = PBXContainerItemProxy;
			containerPortal = 3D19EA6E2332D2E300D142A1 /* Project object */;
			proxyType = 1;
			remoteGlobalIDString = 3D19EA752332D2E300D142A1;
			remoteInfo = Peliculas;
		};
		3D19EA962332D2E500D142A1 /* PBXContainerItemProxy */ = {
			isa = PBXContainerItemProxy;
			containerPortal = 3D19EA6E2332D2E300D142A1 /* Project object */;
			proxyType = 1;
			remoteGlobalIDString = 3D19EA752332D2E300D142A1;
			remoteInfo = Peliculas;
		};
/* End PBXContainerItemProxy section */

/* Begin PBXFileReference section */
		3D19EA762332D2E300D142A1 /* Peliculas.app */ = {isa = PBXFileReference; explicitFileType = wrapper.application; includeInIndex = 0; path = Peliculas.app; sourceTree = BUILT_PRODUCTS_DIR; };
		3D19EA792332D2E300D142A1 /* AppDelegate.swift */ = {isa = PBXFileReference; lastKnownFileType = sourcecode.swift; path = AppDelegate.swift; sourceTree = "<group>"; };
		3D19EA7B2332D2E300D142A1 /* ViewController.swift */ = {isa = PBXFileReference; lastKnownFileType = sourcecode.swift; path = ViewController.swift; sourceTree = "<group>"; };
		3D19EA7E2332D2E300D142A1 /* Base */ = {isa = PBXFileReference; lastKnownFileType = file.storyboard; name = Base; path = Base.lproj/Main.storyboard; sourceTree = "<group>"; };
		3D19EA802332D2E500D142A1 /* Assets.xcassets */ = {isa = PBXFileReference; lastKnownFileType = folder.assetcatalog; path = Assets.xcassets; sourceTree = "<group>"; };
		3D19EA832332D2E500D142A1 /* Base */ = {isa = PBXFileReference; lastKnownFileType = file.storyboard; name = Base; path = Base.lproj/LaunchScreen.storyboard; sourceTree = "<group>"; };
		3D19EA852332D2E500D142A1 /* Info.plist */ = {isa = PBXFileReference; lastKnownFileType = text.plist.xml; path = Info.plist; sourceTree = "<group>"; };
		3D19EA8A2332D2E500D142A1 /* PeliculasTests.xctest */ = {isa = PBXFileReference; explicitFileType = wrapper.cfbundle; includeInIndex = 0; path = PeliculasTests.xctest; sourceTree = BUILT_PRODUCTS_DIR; };
		3D19EA8E2332D2E500D142A1 /* PeliculasTests.swift */ = {isa = PBXFileReference; lastKnownFileType = sourcecode.swift; path = PeliculasTests.swift; sourceTree = "<group>"; };
		3D19EA902332D2E500D142A1 /* Info.plist */ = {isa = PBXFileReference; lastKnownFileType = text.plist.xml; path = Info.plist; sourceTree = "<group>"; };
		3D19EA952332D2E500D142A1 /* PeliculasUITests.xctest */ = {isa = PBXFileReference; explicitFileType = wrapper.cfbundle; includeInIndex = 0; path = PeliculasUITests.xctest; sourceTree = BUILT_PRODUCTS_DIR; };
		3D19EA992332D2E500D142A1 /* PeliculasUITests.swift */ = {isa = PBXFileReference; lastKnownFileType = sourcecode.swift; path = PeliculasUITests.swift; sourceTree = "<group>"; };
		3D19EA9B2332D2E500D142A1 /* Info.plist */ = {isa = PBXFileReference; lastKnownFileType = text.plist.xml; path = Info.plist; sourceTree = "<group>"; };
		3D19EAAC2332D48900D142A1 /* Pelicula.swift */ = {isa = PBXFileReference; lastKnownFileType = sourcecode.swift; path = Pelicula.swift; sourceTree = "<group>"; };
		3D19EAAE2332D7D600D142A1 /* CeldaPeliculaController.swift */ = {isa = PBXFileReference; lastKnownFileType = sourcecode.swift; path = CeldaPeliculaController.swift; sourceTree = "<group>"; };
/* End PBXFileReference section */

/* Begin PBXFrameworksBuildPhase section */
		3D19EA732332D2E300D142A1 /* Frameworks */ = {
			isa = PBXFrameworksBuildPhase;
			buildActionMask = 2147483647;
			files = (
			);
			runOnlyForDeploymentPostprocessing = 0;
		};
		3D19EA872332D2E500D142A1 /* Frameworks */ = {
			isa = PBXFrameworksBuildPhase;
			buildActionMask = 2147483647;
			files = (
			);
			runOnlyForDeploymentPostprocessing = 0;
		};
		3D19EA922332D2E500D142A1 /* Frameworks */ = {
			isa = PBXFrameworksBuildPhase;
			buildActionMask = 2147483647;
			files = (
			);
			runOnlyForDeploymentPostprocessing = 0;
		};
/* End PBXFrameworksBuildPhase section */

/* Begin PBXGroup section */
		3D19EA6D2332D2E300D142A1 = {
			isa = PBXGroup;
			children = (
				3D19EAAB2332D45200D142A1 /* Models */,
				3D19EAAA2332D40F00D142A1 /* App */,
				3D19EAA92332D3FF00D142A1 /* ViewControllers */,
				3D19EAA82332D3F400D142A1 /* Resources */,
				3D19EAA72332D3E400D142A1 /* Storyboards */,
				3D19EA782332D2E300D142A1 /* Peliculas */,
				3D19EA8D2332D2E500D142A1 /* PeliculasTests */,
				3D19EA982332D2E500D142A1 /* PeliculasUITests */,
				3D19EA772332D2E300D142A1 /* Products */,
			);
			sourceTree = "<group>";
		};
		3D19EA772332D2E300D142A1 /* Products */ = {
			isa = PBXGroup;
			children = (
				3D19EA762332D2E300D142A1 /* Peliculas.app */,
				3D19EA8A2332D2E500D142A1 /* PeliculasTests.xctest */,
				3D19EA952332D2E500D142A1 /* PeliculasUITests.xctest */,
			);
			name = Products;
			sourceTree = "<group>";
		};
		3D19EA782332D2E300D142A1 /* Peliculas */ = {
			isa = PBXGroup;
			children = (
				3D19EA822332D2E500D142A1 /* LaunchScreen.storyboard */,
				3D19EA852332D2E500D142A1 /* Info.plist */,
			);
			path = Peliculas;
			sourceTree = "<group>";
		};
		3D19EA8D2332D2E500D142A1 /* PeliculasTests */ = {
			isa = PBXGroup;
			children = (
				3D19EA8E2332D2E500D142A1 /* PeliculasTests.swift */,
				3D19EA902332D2E500D142A1 /* Info.plist */,
			);
			path = PeliculasTests;
			sourceTree = "<group>";
		};
		3D19EA982332D2E500D142A1 /* PeliculasUITests */ = {
			isa = PBXGroup;
			children = (
				3D19EA992332D2E500D142A1 /* PeliculasUITests.swift */,
				3D19EA9B2332D2E500D142A1 /* Info.plist */,
			);
			path = PeliculasUITests;
			sourceTree = "<group>";
		};
		3D19EAA72332D3E400D142A1 /* Storyboards */ = {
			isa = PBXGroup;
			children = (
				3D19EA7D2332D2E300D142A1 /* Main.storyboard */,
			);
			name = Storyboards;
			sourceTree = "<group>";
		};
		3D19EAA82332D3F400D142A1 /* Resources */ = {
			isa = PBXGroup;
			children = (
				3D19EA802332D2E500D142A1 /* Assets.xcassets */,
			);
			path = Resources;
			sourceTree = "<group>";
		};
		3D19EAA92332D3FF00D142A1 /* ViewControllers */ = {
			isa = PBXGroup;
			children = (
				3D19EA7B2332D2E300D142A1 /* ViewController.swift */,
				3D19EAAE2332D7D600D142A1 /* CeldaPeliculaController.swift */,
			);
			path = ViewControllers;
			sourceTree = "<group>";
		};
		3D19EAAA2332D40F00D142A1 /* App */ = {
			isa = PBXGroup;
			children = (
				3D19EA792332D2E300D142A1 /* AppDelegate.swift */,
			);
			path = App;
			sourceTree = "<group>";
		};
		3D19EAAB2332D45200D142A1 /* Models */ = {
			isa = PBXGroup;
			children = (
				3D19EAAC2332D48900D142A1 /* Pelicula.swift */,
			);
			path = Models;
			sourceTree = "<group>";
		};
/* End PBXGroup section */

/* Begin PBXNativeTarget section */
		3D19EA752332D2E300D142A1 /* Peliculas */ = {
			isa = PBXNativeTarget;
			buildConfigurationList = 3D19EA9E2332D2E500D142A1 /* Build configuration list for PBXNativeTarget "Peliculas" */;
			buildPhases = (
				3D19EA722332D2E300D142A1 /* Sources */,
				3D19EA732332D2E300D142A1 /* Frameworks */,
				3D19EA742332D2E300D142A1 /* Resources */,
			);
			buildRules = (
			);
			dependencies = (
			);
			name = Peliculas;
			productName = Peliculas;
			productReference = 3D19EA762332D2E300D142A1 /* Peliculas.app */;
			productType = "com.apple.product-type.application";
		};
		3D19EA892332D2E500D142A1 /* PeliculasTests */ = {
			isa = PBXNativeTarget;
			buildConfigurationList = 3D19EAA12332D2E500D142A1 /* Build configuration list for PBXNativeTarget "PeliculasTests" */;
			buildPhases = (
				3D19EA862332D2E500D142A1 /* Sources */,
				3D19EA872332D2E500D142A1 /* Frameworks */,
				3D19EA882332D2E500D142A1 /* Resources */,
			);
			buildRules = (
			);
			dependencies = (
				3D19EA8C2332D2E500D142A1 /* PBXTargetDependency */,
			);
			name = PeliculasTests;
			productName = PeliculasTests;
			productReference = 3D19EA8A2332D2E500D142A1 /* PeliculasTests.xctest */;
			productType = "com.apple.product-type.bundle.unit-test";
		};
		3D19EA942332D2E500D142A1 /* PeliculasUITests */ = {
			isa = PBXNativeTarget;
			buildConfigurationList = 3D19EAA42332D2E500D142A1 /* Build configuration list for PBXNativeTarget "PeliculasUITests" */;
			buildPhases = (
				3D19EA912332D2E500D142A1 /* Sources */,
				3D19EA922332D2E500D142A1 /* Frameworks */,
				3D19EA932332D2E500D142A1 /* Resources */,
			);
			buildRules = (
			);
			dependencies = (
				3D19EA972332D2E500D142A1 /* PBXTargetDependency */,
			);
			name = PeliculasUITests;
			productName = PeliculasUITests;
			productReference = 3D19EA952332D2E500D142A1 /* PeliculasUITests.xctest */;
			productType = "com.apple.product-type.bundle.ui-testing";
		};
/* End PBXNativeTarget section */

/* Begin PBXProject section */
		3D19EA6E2332D2E300D142A1 /* Project object */ = {
			isa = PBXProject;
			attributes = {
				LastSwiftUpdateCheck = 1030;
				LastUpgradeCheck = 1030;
				ORGANIZATIONNAME = Alumno;
				TargetAttributes = {
					3D19EA752332D2E300D142A1 = {
						CreatedOnToolsVersion = 10.3;
					};
					3D19EA892332D2E500D142A1 = {
						CreatedOnToolsVersion = 10.3;
						TestTargetID = 3D19EA752332D2E300D142A1;
					};
					3D19EA942332D2E500D142A1 = {
						CreatedOnToolsVersion = 10.3;
						TestTargetID = 3D19EA752332D2E300D142A1;
					};
				};
			};
			buildConfigurationList = 3D19EA712332D2E300D142A1 /* Build configuration list for PBXProject "Peliculas" */;
			compatibilityVersion = "Xcode 9.3";
			developmentRegion = en;
			hasScannedForEncodings = 0;
			knownRegions = (
				en,
				Base,
			);
			mainGroup = 3D19EA6D2332D2E300D142A1;
			productRefGroup = 3D19EA772332D2E300D142A1 /* Products */;
			projectDirPath = "";
			projectRoot = "";
			targets = (
				3D19EA752332D2E300D142A1 /* Peliculas */,
				3D19EA892332D2E500D142A1 /* PeliculasTests */,
				3D19EA942332D2E500D142A1 /* PeliculasUITests */,
			);
		};
/* End PBXProject section */

/* Begin PBXResourcesBuildPhase section */
		3D19EA742332D2E300D142A1 /* Resources */ = {
			isa = PBXResourcesBuildPhase;
			buildActionMask = 2147483647;
			files = (
				3D19EA842332D2E500D142A1 /* LaunchScreen.storyboard in Resources */,
				3D19EA812332D2E500D142A1 /* Assets.xcassets in Resources */,
				3D19EA7F2332D2E300D142A1 /* Main.storyboard in Resources */,
			);
			runOnlyForDeploymentPostprocessing = 0;
		};
		3D19EA882332D2E500D142A1 /* Resources */ = {
			isa = PBXResourcesBuildPhase;
			buildActionMask = 2147483647;
			files = (
			);
			runOnlyForDeploymentPostprocessing = 0;
		};
		3D19EA932332D2E500D142A1 /* Resources */ = {
			isa = PBXResourcesBuildPhase;
			buildActionMask = 2147483647;
			files = (
			);
			runOnlyForDeploymentPostprocessing = 0;
		};
/* End PBXResourcesBuildPhase section */

/* Begin PBXSourcesBuildPhase section */
		3D19EA722332D2E300D142A1 /* Sources */ = {
			isa = PBXSourcesBuildPhase;
			buildActionMask = 2147483647;
			files = (
				3D19EAAF2332D7D600D142A1 /* CeldaPeliculaController.swift in Sources */,
				3D19EAAD2332D48900D142A1 /* Pelicula.swift in Sources */,
				3D19EA7C2332D2E300D142A1 /* ViewController.swift in Sources */,
				3D19EA7A2332D2E300D142A1 /* AppDelegate.swift in Sources */,
			);
			runOnlyForDeploymentPostprocessing = 0;
		};
		3D19EA862332D2E500D142A1 /* Sources */ = {
			isa = PBXSourcesBuildPhase;
			buildActionMask = 2147483647;
			files = (
				3D19EA8F2332D2E500D142A1 /* PeliculasTests.swift in Sources */,
			);
			runOnlyForDeploymentPostprocessing = 0;
		};
		3D19EA912332D2E500D142A1 /* Sources */ = {
			isa = PBXSourcesBuildPhase;
			buildActionMask = 2147483647;
			files = (
				3D19EA9A2332D2E500D142A1 /* PeliculasUITests.swift in Sources */,
			);
			runOnlyForDeploymentPostprocessing = 0;
		};
/* End PBXSourcesBuildPhase section */

/* Begin PBXTargetDependency section */
		3D19EA8C2332D2E500D142A1 /* PBXTargetDependency */ = {
			isa = PBXTargetDependency;
			target = 3D19EA752332D2E300D142A1 /* Peliculas */;
			targetProxy = 3D19EA8B2332D2E500D142A1 /* PBXContainerItemProxy */;
		};
		3D19EA972332D2E500D142A1 /* PBXTargetDependency */ = {
			isa = PBXTargetDependency;
			target = 3D19EA752332D2E300D142A1 /* Peliculas */;
			targetProxy = 3D19EA962332D2E500D142A1 /* PBXContainerItemProxy */;
		};
/* End PBXTargetDependency section */

/* Begin PBXVariantGroup section */
		3D19EA7D2332D2E300D142A1 /* Main.storyboard */ = {
			isa = PBXVariantGroup;
			children = (
				3D19EA7E2332D2E300D142A1 /* Base */,
			);
			name = Main.storyboard;
			sourceTree = "<group>";
		};
		3D19EA822332D2E500D142A1 /* LaunchScreen.storyboard */ = {
			isa = PBXVariantGroup;
			children = (
				3D19EA832332D2E500D142A1 /* Base */,
			);
			name = LaunchScreen.storyboard;
			sourceTree = "<group>";
		};
/* End PBXVariantGroup section */

/* Begin XCBuildConfiguration section */
		3D19EA9C2332D2E500D142A1 /* Debug */ = {
			isa = XCBuildConfiguration;
			buildSettings = {
				ALWAYS_SEARCH_USER_PATHS = NO;
				CLANG_ANALYZER_NONNULL = YES;
				CLANG_ANALYZER_NUMBER_OBJECT_CONVERSION = YES_AGGRESSIVE;
				CLANG_CXX_LANGUAGE_STANDARD = "gnu++14";
				CLANG_CXX_LIBRARY = "libc++";
				CLANG_ENABLE_MODULES = YES;
				CLANG_ENABLE_OBJC_ARC = YES;
				CLANG_ENABLE_OBJC_WEAK = YES;
				CLANG_WARN_BLOCK_CAPTURE_AUTORELEASING = YES;
				CLANG_WARN_BOOL_CONVERSION = YES;
				CLANG_WARN_COMMA = YES;
				CLANG_WARN_CONSTANT_CONVERSION = YES;
				CLANG_WARN_DEPRECATED_OBJC_IMPLEMENTATIONS = YES;
				CLANG_WARN_DIRECT_OBJC_ISA_USAGE = YES_ERROR;
				CLANG_WARN_DOCUMENTATION_COMMENTS = YES;
				CLANG_WARN_EMPTY_BODY = YES;
				CLANG_WARN_ENUM_CONVERSION = YES;
				CLANG_WARN_INFINITE_RECURSION = YES;
				CLANG_WARN_INT_CONVERSION = YES;
				CLANG_WARN_NON_LITERAL_NULL_CONVERSION = YES;
				CLANG_WARN_OBJC_IMPLICIT_RETAIN_SELF = YES;
				CLANG_WARN_OBJC_LITERAL_CONVERSION = YES;
				CLANG_WARN_OBJC_ROOT_CLASS = YES_ERROR;
				CLANG_WARN_RANGE_LOOP_ANALYSIS = YES;
				CLANG_WARN_STRICT_PROTOTYPES = YES;
				CLANG_WARN_SUSPICIOUS_MOVE = YES;
				CLANG_WARN_UNGUARDED_AVAILABILITY = YES_AGGRESSIVE;
				CLANG_WARN_UNREACHABLE_CODE = YES;
				CLANG_WARN__DUPLICATE_METHOD_MATCH = YES;
				CODE_SIGN_IDENTITY = "iPhone Developer";
				COPY_PHASE_STRIP = NO;
				DEBUG_INFORMATION_FORMAT = dwarf;
				ENABLE_STRICT_OBJC_MSGSEND = YES;
				ENABLE_TESTABILITY = YES;
				GCC_C_LANGUAGE_STANDARD = gnu11;
				GCC_DYNAMIC_NO_PIC = NO;
				GCC_NO_COMMON_BLOCKS = YES;
				GCC_OPTIMIZATION_LEVEL = 0;
				GCC_PREPROCESSOR_DEFINITIONS = (
					"DEBUG=1",
					"$(inherited)",
				);
				GCC_WARN_64_TO_32_BIT_CONVERSION = YES;
				GCC_WARN_ABOUT_RETURN_TYPE = YES_ERROR;
				GCC_WARN_UNDECLARED_SELECTOR = YES;
				GCC_WARN_UNINITIALIZED_AUTOS = YES_AGGRESSIVE;
				GCC_WARN_UNUSED_FUNCTION = YES;
				GCC_WARN_UNUSED_VARIABLE = YES;
				IPHONEOS_DEPLOYMENT_TARGET = 12.4;
				MTL_ENABLE_DEBUG_INFO = INCLUDE_SOURCE;
				MTL_FAST_MATH = YES;
				ONLY_ACTIVE_ARCH = YES;
				SDKROOT = iphoneos;
				SWIFT_ACTIVE_COMPILATION_CONDITIONS = DEBUG;
				SWIFT_OPTIMIZATION_LEVEL = "-Onone";
			};
			name = Debug;
		};
		3D19EA9D2332D2E500D142A1 /* Release */ = {
			isa = XCBuildConfiguration;
			buildSettings = {
				ALWAYS_SEARCH_USER_PATHS = NO;
				CLANG_ANALYZER_NONNULL = YES;
				CLANG_ANALYZER_NUMBER_OBJECT_CONVERSION = YES_AGGRESSIVE;
				CLANG_CXX_LANGUAGE_STANDARD = "gnu++14";
				CLANG_CXX_LIBRARY = "libc++";
				CLANG_ENABLE_MODULES = YES;
				CLANG_ENABLE_OBJC_ARC = YES;
				CLANG_ENABLE_OBJC_WEAK = YES;
				CLANG_WARN_BLOCK_CAPTURE_AUTORELEASING = YES;
				CLANG_WARN_BOOL_CONVERSION = YES;
				CLANG_WARN_COMMA = YES;
				CLANG_WARN_CONSTANT_CONVERSION = YES;
				CLANG_WARN_DEPRECATED_OBJC_IMPLEMENTATIONS = YES;
				CLANG_WARN_DIRECT_OBJC_ISA_USAGE = YES_ERROR;
				CLANG_WARN_DOCUMENTATION_COMMENTS = YES;
				CLANG_WARN_EMPTY_BODY = YES;
				CLANG_WARN_ENUM_CONVERSION = YES;
				CLANG_WARN_INFINITE_RECURSION = YES;
				CLANG_WARN_INT_CONVERSION = YES;
				CLANG_WARN_NON_LITERAL_NULL_CONVERSION = YES;
				CLANG_WARN_OBJC_IMPLICIT_RETAIN_SELF = YES;
				CLANG_WARN_OBJC_LITERAL_CONVERSION = YES;
				CLANG_WARN_OBJC_ROOT_CLASS = YES_ERROR;
				CLANG_WARN_RANGE_LOOP_ANALYSIS = YES;
				CLANG_WARN_STRICT_PROTOTYPES = YES;
				CLANG_WARN_SUSPICIOUS_MOVE = YES;
				CLANG_WARN_UNGUARDED_AVAILABILITY = YES_AGGRESSIVE;
				CLANG_WARN_UNREACHABLE_CODE = YES;
				CLANG_WARN__DUPLICATE_METHOD_MATCH = YES;
				CODE_SIGN_IDENTITY = "iPhone Developer";
				COPY_PHASE_STRIP = NO;
				DEBUG_INFORMATION_FORMAT = "dwarf-with-dsym";
				ENABLE_NS_ASSERTIONS = NO;
				ENABLE_STRICT_OBJC_MSGSEND = YES;
				GCC_C_LANGUAGE_STANDARD = gnu11;
				GCC_NO_COMMON_BLOCKS = YES;
				GCC_WARN_64_TO_32_BIT_CONVERSION = YES;
				GCC_WARN_ABOUT_RETURN_TYPE = YES_ERROR;
				GCC_WARN_UNDECLARED_SELECTOR = YES;
				GCC_WARN_UNINITIALIZED_AUTOS = YES_AGGRESSIVE;
				GCC_WARN_UNUSED_FUNCTION = YES;
				GCC_WARN_UNUSED_VARIABLE = YES;
				IPHONEOS_DEPLOYMENT_TARGET = 12.4;
				MTL_ENABLE_DEBUG_INFO = NO;
				MTL_FAST_MATH = YES;
				SDKROOT = iphoneos;
				SWIFT_COMPILATION_MODE = wholemodule;
				SWIFT_OPTIMIZATION_LEVEL = "-O";
				VALIDATE_PRODUCT = YES;
			};
			name = Release;
		};
		3D19EA9F2332D2E500D142A1 /* Debug */ = {
			isa = XCBuildConfiguration;
			buildSettings = {
				ASSETCATALOG_COMPILER_APPICON_NAME = AppIcon;
				CODE_SIGN_STYLE = Automatic;
				INFOPLIST_FILE = Peliculas/Info.plist;
				LD_RUNPATH_SEARCH_PATHS = (
					"$(inherited)",
					"@executable_path/Frameworks",
				);
				PRODUCT_BUNDLE_IDENTIFIER = edu.ulsa.Peliculas;
				PRODUCT_NAME = "$(TARGET_NAME)";
				SWIFT_VERSION = 5.0;
				TARGETED_DEVICE_FAMILY = "1,2";
			};
			name = Debug;
		};
		3D19EAA02332D2E500D142A1 /* Release */ = {
			isa = XCBuildConfiguration;
			buildSettings = {
				ASSETCATALOG_COMPILER_APPICON_NAME = AppIcon;
				CODE_SIGN_STYLE = Automatic;
				INFOPLIST_FILE = Peliculas/Info.plist;
				LD_RUNPATH_SEARCH_PATHS = (
					"$(inherited)",
					"@executable_path/Frameworks",
				);
				PRODUCT_BUNDLE_IDENTIFIER = edu.ulsa.Peliculas;
				PRODUCT_NAME = "$(TARGET_NAME)";
				SWIFT_VERSION = 5.0;
				TARGETED_DEVICE_FAMILY = "1,2";
			};
			name = Release;
		};
		3D19EAA22332D2E500D142A1 /* Debug */ = {
			isa = XCBuildConfiguration;
			buildSettings = {
				ALWAYS_EMBED_SWIFT_STANDARD_LIBRARIES = YES;
				BUNDLE_LOADER = "$(TEST_HOST)";
				CODE_SIGN_STYLE = Automatic;
				INFOPLIST_FILE = PeliculasTests/Info.plist;
				LD_RUNPATH_SEARCH_PATHS = (
					"$(inherited)",
					"@executable_path/Frameworks",
					"@loader_path/Frameworks",
				);
				PRODUCT_BUNDLE_IDENTIFIER = edu.ulsa.PeliculasTests;
				PRODUCT_NAME = "$(TARGET_NAME)";
				SWIFT_VERSION = 5.0;
				TARGETED_DEVICE_FAMILY = "1,2";
				TEST_HOST = "$(BUILT_PRODUCTS_DIR)/Peliculas.app/Peliculas";
			};
			name = Debug;
		};
		3D19EAA32332D2E500D142A1 /* Release */ = {
			isa = XCBuildConfiguration;
			buildSettings = {
				ALWAYS_EMBED_SWIFT_STANDARD_LIBRARIES = YES;
				BUNDLE_LOADER = "$(TEST_HOST)";
				CODE_SIGN_STYLE = Automatic;
				INFOPLIST_FILE = PeliculasTests/Info.plist;
				LD_RUNPATH_SEARCH_PATHS = (
					"$(inherited)",
					"@executable_path/Frameworks",
					"@loader_path/Frameworks",
				);
				PRODUCT_BUNDLE_IDENTIFIER = edu.ulsa.PeliculasTests;
				PRODUCT_NAME = "$(TARGET_NAME)";
				SWIFT_VERSION = 5.0;
				TARGETED_DEVICE_FAMILY = "1,2";
				TEST_HOST = "$(BUILT_PRODUCTS_DIR)/Peliculas.app/Peliculas";
			};
			name = Release;
		};
		3D19EAA52332D2E500D142A1 /* Debug */ = {
			isa = XCBuildConfiguration;
			buildSettings = {
				ALWAYS_EMBED_SWIFT_STANDARD_LIBRARIES = YES;
				CODE_SIGN_STYLE = Automatic;
				INFOPLIST_FILE = PeliculasUITests/Info.plist;
				LD_RUNPATH_SEARCH_PATHS = (
					"$(inherited)",
					"@executable_path/Frameworks",
					"@loader_path/Frameworks",
				);
				PRODUCT_BUNDLE_IDENTIFIER = edu.ulsa.PeliculasUITests;
				PRODUCT_NAME = "$(TARGET_NAME)";
				SWIFT_VERSION = 5.0;
				TARGETED_DEVICE_FAMILY = "1,2";
				TEST_TARGET_NAME = Peliculas;
			};
			name = Debug;
		};
		3D19EAA62332D2E500D142A1 /* Release */ = {
			isa = XCBuildConfiguration;
			buildSettings = {
				ALWAYS_EMBED_SWIFT_STANDARD_LIBRARIES = YES;
				CODE_SIGN_STYLE = Automatic;
				INFOPLIST_FILE = PeliculasUITests/Info.plist;
				LD_RUNPATH_SEARCH_PATHS = (
					"$(inherited)",
					"@executable_path/Frameworks",
					"@loader_path/Frameworks",
				);
				PRODUCT_BUNDLE_IDENTIFIER = edu.ulsa.PeliculasUITests;
				PRODUCT_NAME = "$(TARGET_NAME)";
				SWIFT_VERSION = 5.0;
				TARGETED_DEVICE_FAMILY = "1,2";
				TEST_TARGET_NAME = Peliculas;
			};
			name = Release;
		};
/* End XCBuildConfiguration section */

/* Begin XCConfigurationList section */
		3D19EA712332D2E300D142A1 /* Build configuration list for PBXProject "Peliculas" */ = {
			isa = XCConfigurationList;
			buildConfigurations = (
				3D19EA9C2332D2E500D142A1 /* Debug */,
				3D19EA9D2332D2E500D142A1 /* Release */,
			);
			defaultConfigurationIsVisible = 0;
			defaultConfigurationName = Release;
		};
		3D19EA9E2332D2E500D142A1 /* Build configuration list for PBXNativeTarget "Peliculas" */ = {
			isa = XCConfigurationList;
			buildConfigurations = (
				3D19EA9F2332D2E500D142A1 /* Debug */,
				3D19EAA02332D2E500D142A1 /* Release */,
			);
			defaultConfigurationIsVisible = 0;
			defaultConfigurationName = Release;
		};
		3D19EAA12332D2E500D142A1 /* Build configuration list for PBXNativeTarget "PeliculasTests" */ = {
			isa = XCConfigurationList;
			buildConfigurations = (
				3D19EAA22332D2E500D142A1 /* Debug */,
				3D19EAA32332D2E500D142A1 /* Release */,
			);
			defaultConfigurationIsVisible = 0;
			defaultConfigurationName = Release;
		};
		3D19EAA42332D2E500D142A1 /* Build configuration list for PBXNativeTarget "PeliculasUITests" */ = {
			isa = XCConfigurationList;
			buildConfigurations = (
				3D19EAA52332D2E500D142A1 /* Debug */,
				3D19EAA62332D2E500D142A1 /* Release */,
			);
			defaultConfigurationIsVisible = 0;
			defaultConfigurationName = Release;
		};
/* End XCConfigurationList section */
	};
	rootObject = 3D19EA6E2332D2E300D142A1 /* Project object */;
}
